// !$*UTF8*$!
{
	archiveVersion = 1;
	classes = {
	};
	objectVersion = 46;
	objects = {

/* Begin PBXBuildFile section */
		6F5CB0541C49C4E5008B3916 /* AppDelegate.swift in Sources */ = {isa = PBXBuildFile; fileRef = 6F5CB0531C49C4E5008B3916 /* AppDelegate.swift */; };
		6F5CB0561C49C4E5008B3916 /* ViewController.swift in Sources */ = {isa = PBXBuildFile; fileRef = 6F5CB0551C49C4E5008B3916 /* ViewController.swift */; };
		6F5CB0591C49C4E5008B3916 /* Main.storyboard in Resources */ = {isa = PBXBuildFile; fileRef = 6F5CB0571C49C4E5008B3916 /* Main.storyboard */; };
		6F5CB05B1C49C4E5008B3916 /* Assets.xcassets in Resources */ = {isa = PBXBuildFile; fileRef = 6F5CB05A1C49C4E5008B3916 /* Assets.xcassets */; };
		6F5CB05E1C49C4E5008B3916 /* LaunchScreen.storyboard in Resources */ = {isa = PBXBuildFile; fileRef = 6F5CB05C1C49C4E5008B3916 /* LaunchScreen.storyboard */; };
		6F5CB0691C49C4E5008B3916 /* RainbowsTests.swift in Sources */ = {isa = PBXBuildFile; fileRef = 6F5CB0681C49C4E5008B3916 /* RainbowsTests.swift */; };
		6F5CB0741C49C4E5008B3916 /* RainbowsUITests.swift in Sources */ = {isa = PBXBuildFile; fileRef = 6F5CB0731C49C4E5008B3916 /* RainbowsUITests.swift */; };
		6F5CB0821C49C506008B3916 /* OnboardingController.swift in Sources */ = {isa = PBXBuildFile; fileRef = 6F5CB0811C49C506008B3916 /* OnboardingController.swift */; };
		6F5CB0831C49C506008B3916 /* OnboardingController.swift in Sources */ = {isa = PBXBuildFile; fileRef = 6F5CB0811C49C506008B3916 /* OnboardingController.swift */; };
		6F5CB0841C49C506008B3916 /* OnboardingController.swift in Sources */ = {isa = PBXBuildFile; fileRef = 6F5CB0811C49C506008B3916 /* OnboardingController.swift */; };
		6F5CB0861C49C90D008B3916 /* Elements.swift in Sources */ = {isa = PBXBuildFile; fileRef = 6F5CB0851C49C90D008B3916 /* Elements.swift */; };
		6F5CB0871C49C90D008B3916 /* Elements.swift in Sources */ = {isa = PBXBuildFile; fileRef = 6F5CB0851C49C90D008B3916 /* Elements.swift */; };
		6F5CB0881C49C90D008B3916 /* Elements.swift in Sources */ = {isa = PBXBuildFile; fileRef = 6F5CB0851C49C90D008B3916 /* Elements.swift */; };
/* End PBXBuildFile section */

/* Begin PBXContainerItemProxy section */
		6F5CB0651C49C4E5008B3916 /* PBXContainerItemProxy */ = {
			isa = PBXContainerItemProxy;
			containerPortal = 6F5CB0481C49C4E5008B3916 /* Project object */;
			proxyType = 1;
			remoteGlobalIDString = 6F5CB04F1C49C4E5008B3916;
			remoteInfo = Rainbows;
		};
		6F5CB0701C49C4E5008B3916 /* PBXContainerItemProxy */ = {
			isa = PBXContainerItemProxy;
			containerPortal = 6F5CB0481C49C4E5008B3916 /* Project object */;
			proxyType = 1;
			remoteGlobalIDString = 6F5CB04F1C49C4E5008B3916;
			remoteInfo = Rainbows;
		};
/* End PBXContainerItemProxy section */

/* Begin PBXFileReference section */
		6F5CB0501C49C4E5008B3916 /* Rainbows.app */ = {isa = PBXFileReference; explicitFileType = wrapper.application; includeInIndex = 0; path = Rainbows.app; sourceTree = BUILT_PRODUCTS_DIR; };
		6F5CB0531C49C4E5008B3916 /* AppDelegate.swift */ = {isa = PBXFileReference; lastKnownFileType = sourcecode.swift; path = AppDelegate.swift; sourceTree = "<group>"; };
		6F5CB0551C49C4E5008B3916 /* ViewController.swift */ = {isa = PBXFileReference; lastKnownFileType = sourcecode.swift; path = ViewController.swift; sourceTree = "<group>"; };
		6F5CB0581C49C4E5008B3916 /* Base */ = {isa = PBXFileReference; lastKnownFileType = file.storyboard; name = Base; path = Base.lproj/Main.storyboard; sourceTree = "<group>"; };
		6F5CB05A1C49C4E5008B3916 /* Assets.xcassets */ = {isa = PBXFileReference; lastKnownFileType = folder.assetcatalog; path = Assets.xcassets; sourceTree = "<group>"; };
		6F5CB05D1C49C4E5008B3916 /* Base */ = {isa = PBXFileReference; lastKnownFileType = file.storyboard; name = Base; path = Base.lproj/LaunchScreen.storyboard; sourceTree = "<group>"; };
		6F5CB05F1C49C4E5008B3916 /* Info.plist */ = {isa = PBXFileReference; lastKnownFileType = text.plist.xml; path = Info.plist; sourceTree = "<group>"; };
		6F5CB0641C49C4E5008B3916 /* RainbowsTests.xctest */ = {isa = PBXFileReference; explicitFileType = wrapper.cfbundle; includeInIndex = 0; path = RainbowsTests.xctest; sourceTree = BUILT_PRODUCTS_DIR; };
		6F5CB0681C49C4E5008B3916 /* RainbowsTests.swift */ = {isa = PBXFileReference; lastKnownFileType = sourcecode.swift; path = RainbowsTests.swift; sourceTree = "<group>"; };
		6F5CB06A1C49C4E5008B3916 /* Info.plist */ = {isa = PBXFileReference; lastKnownFileType = text.plist.xml; path = Info.plist; sourceTree = "<group>"; };
		6F5CB06F1C49C4E5008B3916 /* RainbowsUITests.xctest */ = {isa = PBXFileReference; explicitFileType = wrapper.cfbundle; includeInIndex = 0; path = RainbowsUITests.xctest; sourceTree = BUILT_PRODUCTS_DIR; };
		6F5CB0731C49C4E5008B3916 /* RainbowsUITests.swift */ = {isa = PBXFileReference; lastKnownFileType = sourcecode.swift; path = RainbowsUITests.swift; sourceTree = "<group>"; };
		6F5CB0751C49C4E5008B3916 /* Info.plist */ = {isa = PBXFileReference; lastKnownFileType = text.plist.xml; path = Info.plist; sourceTree = "<group>"; };
		6F5CB0811C49C506008B3916 /* OnboardingController.swift */ = {isa = PBXFileReference; fileEncoding = 4; lastKnownFileType = sourcecode.swift; name = OnboardingController.swift; path = Controllers/OnboardingController.swift; sourceTree = "<group>"; };
		6F5CB0851C49C90D008B3916 /* Elements.swift */ = {isa = PBXFileReference; fileEncoding = 4; lastKnownFileType = sourcecode.swift; name = Elements.swift; path = Classes/Elements.swift; sourceTree = "<group>"; };
/* End PBXFileReference section */

/* Begin PBXFrameworksBuildPhase section */
		6F5CB04D1C49C4E5008B3916 /* Frameworks */ = {
			isa = PBXFrameworksBuildPhase;
			buildActionMask = 2147483647;
			files = (
			);
			runOnlyForDeploymentPostprocessing = 0;
		};
		6F5CB0611C49C4E5008B3916 /* Frameworks */ = {
			isa = PBXFrameworksBuildPhase;
			buildActionMask = 2147483647;
			files = (
			);
			runOnlyForDeploymentPostprocessing = 0;
		};
		6F5CB06C1C49C4E5008B3916 /* Frameworks */ = {
			isa = PBXFrameworksBuildPhase;
			buildActionMask = 2147483647;
			files = (
			);
			runOnlyForDeploymentPostprocessing = 0;
		};
/* End PBXFrameworksBuildPhase section */

/* Begin PBXGroup section */
		6F5CB0471C49C4E5008B3916 = {
			isa = PBXGroup;
			children = (
				6F5CB0521C49C4E5008B3916 /* Rainbows */,
				6F5CB0671C49C4E5008B3916 /* RainbowsTests */,
				6F5CB0721C49C4E5008B3916 /* RainbowsUITests */,
				6F5CB0511C49C4E5008B3916 /* Products */,
			);
			sourceTree = "<group>";
		};
		6F5CB0511C49C4E5008B3916 /* Products */ = {
			isa = PBXGroup;
			children = (
				6F5CB0501C49C4E5008B3916 /* Rainbows.app */,
				6F5CB0641C49C4E5008B3916 /* RainbowsTests.xctest */,
				6F5CB06F1C49C4E5008B3916 /* RainbowsUITests.xctest */,
			);
			name = Products;
			sourceTree = "<group>";
		};
		6F5CB0521C49C4E5008B3916 /* Rainbows */ = {
			isa = PBXGroup;
			children = (
				6F5CB0531C49C4E5008B3916 /* AppDelegate.swift */,
				6F5CB0811C49C506008B3916 /* OnboardingController.swift */,
				6F5CB0551C49C4E5008B3916 /* ViewController.swift */,
				6F5CB0571C49C4E5008B3916 /* Main.storyboard */,
				6F5CB05A1C49C4E5008B3916 /* Assets.xcassets */,
				6F5CB05C1C49C4E5008B3916 /* LaunchScreen.storyboard */,
				6F5CB05F1C49C4E5008B3916 /* Info.plist */,
				6F5CB0851C49C90D008B3916 /* Elements.swift */,
			);
			path = Rainbows;
			sourceTree = "<group>";
		};
		6F5CB0671C49C4E5008B3916 /* RainbowsTests */ = {
			isa = PBXGroup;
			children = (
				6F5CB0681C49C4E5008B3916 /* RainbowsTests.swift */,
				6F5CB06A1C49C4E5008B3916 /* Info.plist */,
			);
			path = RainbowsTests;
			sourceTree = "<group>";
		};
		6F5CB0721C49C4E5008B3916 /* RainbowsUITests */ = {
			isa = PBXGroup;
			children = (
				6F5CB0731C49C4E5008B3916 /* RainbowsUITests.swift */,
				6F5CB0751C49C4E5008B3916 /* Info.plist */,
			);
			path = RainbowsUITests;
			sourceTree = "<group>";
		};
/* End PBXGroup section */

/* Begin PBXNativeTarget section */
		6F5CB04F1C49C4E5008B3916 /* Rainbows */ = {
			isa = PBXNativeTarget;
			buildConfigurationList = 6F5CB0781C49C4E5008B3916 /* Build configuration list for PBXNativeTarget "Rainbows" */;
			buildPhases = (
				6F5CB04C1C49C4E5008B3916 /* Sources */,
				6F5CB04D1C49C4E5008B3916 /* Frameworks */,
				6F5CB04E1C49C4E5008B3916 /* Resources */,
			);
			buildRules = (
			);
			dependencies = (
			);
			name = Rainbows;
			productName = Rainbows;
			productReference = 6F5CB0501C49C4E5008B3916 /* Rainbows.app */;
			productType = "com.apple.product-type.application";
		};
		6F5CB0631C49C4E5008B3916 /* RainbowsTests */ = {
			isa = PBXNativeTarget;
			buildConfigurationList = 6F5CB07B1C49C4E5008B3916 /* Build configuration list for PBXNativeTarget "RainbowsTests" */;
			buildPhases = (
				6F5CB0601C49C4E5008B3916 /* Sources */,
				6F5CB0611C49C4E5008B3916 /* Frameworks */,
				6F5CB0621C49C4E5008B3916 /* Resources */,
			);
			buildRules = (
			);
			dependencies = (
				6F5CB0661C49C4E5008B3916 /* PBXTargetDependency */,
			);
			name = RainbowsTests;
			productName = RainbowsTests;
			productReference = 6F5CB0641C49C4E5008B3916 /* RainbowsTests.xctest */;
			productType = "com.apple.product-type.bundle.unit-test";
		};
		6F5CB06E1C49C4E5008B3916 /* RainbowsUITests */ = {
			isa = PBXNativeTarget;
			buildConfigurationList = 6F5CB07E1C49C4E5008B3916 /* Build configuration list for PBXNativeTarget "RainbowsUITests" */;
			buildPhases = (
				6F5CB06B1C49C4E5008B3916 /* Sources */,
				6F5CB06C1C49C4E5008B3916 /* Frameworks */,
				6F5CB06D1C49C4E5008B3916 /* Resources */,
			);
			buildRules = (
			);
			dependencies = (
				6F5CB0711C49C4E5008B3916 /* PBXTargetDependency */,
			);
			name = RainbowsUITests;
			productName = RainbowsUITests;
			productReference = 6F5CB06F1C49C4E5008B3916 /* RainbowsUITests.xctest */;
			productType = "com.apple.product-type.bundle.ui-testing";
		};
/* End PBXNativeTarget section */

/* Begin PBXProject section */
		6F5CB0481C49C4E5008B3916 /* Project object */ = {
			isa = PBXProject;
			attributes = {
				LastSwiftUpdateCheck = 0720;
				LastUpgradeCheck = 0720;
				ORGANIZATIONNAME = Unicorn;
				TargetAttributes = {
					6F5CB04F1C49C4E5008B3916 = {
						CreatedOnToolsVersion = 7.2;
					};
					6F5CB0631C49C4E5008B3916 = {
						CreatedOnToolsVersion = 7.2;
						TestTargetID = 6F5CB04F1C49C4E5008B3916;
					};
					6F5CB06E1C49C4E5008B3916 = {
						CreatedOnToolsVersion = 7.2;
						TestTargetID = 6F5CB04F1C49C4E5008B3916;
					};
				};
			};
			buildConfigurationList = 6F5CB04B1C49C4E5008B3916 /* Build configuration list for PBXProject "Rainbows" */;
			compatibilityVersion = "Xcode 3.2";
			developmentRegion = English;
			hasScannedForEncodings = 0;
			knownRegions = (
				en,
				Base,
			);
			mainGroup = 6F5CB0471C49C4E5008B3916;
			productRefGroup = 6F5CB0511C49C4E5008B3916 /* Products */;
			projectDirPath = "";
			projectRoot = "";
			targets = (
				6F5CB04F1C49C4E5008B3916 /* Rainbows */,
				6F5CB0631C49C4E5008B3916 /* RainbowsTests */,
				6F5CB06E1C49C4E5008B3916 /* RainbowsUITests */,
			);
		};
/* End PBXProject section */

/* Begin PBXResourcesBuildPhase section */
		6F5CB04E1C49C4E5008B3916 /* Resources */ = {
			isa = PBXResourcesBuildPhase;
			buildActionMask = 2147483647;
			files = (
				6F5CB05E1C49C4E5008B3916 /* LaunchScreen.storyboard in Resources */,
				6F5CB05B1C49C4E5008B3916 /* Assets.xcassets in Resources */,
				6F5CB0591C49C4E5008B3916 /* Main.storyboard in Resources */,
			);
			runOnlyForDeploymentPostprocessing = 0;
		};
		6F5CB0621C49C4E5008B3916 /* Resources */ = {
			isa = PBXResourcesBuildPhase;
			buildActionMask = 2147483647;
			files = (
			);
			runOnlyForDeploymentPostprocessing = 0;
		};
		6F5CB06D1C49C4E5008B3916 /* Resources */ = {
			isa = PBXResourcesBuildPhase;
			buildActionMask = 2147483647;
			files = (
			);
			runOnlyForDeploymentPostprocessing = 0;
		};
/* End PBXResourcesBuildPhase section */

/* Begin PBXSourcesBuildPhase section */
		6F5CB04C1C49C4E5008B3916 /* Sources */ = {
			isa = PBXSourcesBuildPhase;
			buildActionMask = 2147483647;
			files = (
				6F5CB0561C49C4E5008B3916 /* ViewController.swift in Sources */,
				6F5CB0541C49C4E5008B3916 /* AppDelegate.swift in Sources */,
				6F5CB0861C49C90D008B3916 /* Elements.swift in Sources */,
				6F5CB0821C49C506008B3916 /* OnboardingController.swift in Sources */,
			);
			runOnlyForDeploymentPostprocessing = 0;
		};
		6F5CB0601C49C4E5008B3916 /* Sources */ = {
			isa = PBXSourcesBuildPhase;
			buildActionMask = 2147483647;
			files = (
				6F5CB0831C49C506008B3916 /* OnboardingController.swift in Sources */,
				6F5CB0691C49C4E5008B3916 /* RainbowsTests.swift in Sources */,
				6F5CB0871C49C90D008B3916 /* Elements.swift in Sources */,
			);
			runOnlyForDeploymentPostprocessing = 0;
		};
		6F5CB06B1C49C4E5008B3916 /* Sources */ = {
			isa = PBXSourcesBuildPhase;
			buildActionMask = 2147483647;
			files = (
				6F5CB0841C49C506008B3916 /* OnboardingController.swift in Sources */,
				6F5CB0741C49C4E5008B3916 /* RainbowsUITests.swift in Sources */,
				6F5CB0881C49C90D008B3916 /* Elements.swift in Sources */,
			);
			runOnlyForDeploymentPostprocessing = 0;
		};
/* End PBXSourcesBuildPhase section */

/* Begin PBXTargetDependency section */
		6F5CB0661C49C4E5008B3916 /* PBXTargetDependency */ = {
			isa = PBXTargetDependency;
			target = 6F5CB04F1C49C4E5008B3916 /* Rainbows */;
			targetProxy = 6F5CB0651C49C4E5008B3916 /* PBXContainerItemProxy */;
		};
		6F5CB0711C49C4E5008B3916 /* PBXTargetDependency */ = {
			isa = PBXTargetDependency;
			target = 6F5CB04F1C49C4E5008B3916 /* Rainbows */;
			targetProxy = 6F5CB0701C49C4E5008B3916 /* PBXContainerItemProxy */;
		};
/* End PBXTargetDependency section */

/* Begin PBXVariantGroup section */
		6F5CB0571C49C4E5008B3916 /* Main.storyboard */ = {
			isa = PBXVariantGroup;
			children = (
				6F5CB0581C49C4E5008B3916 /* Base */,
			);
			name = Main.storyboard;
			sourceTree = "<group>";
		};
		6F5CB05C1C49C4E5008B3916 /* LaunchScreen.storyboard */ = {
			isa = PBXVariantGroup;
			children = (
				6F5CB05D1C49C4E5008B3916 /* Base */,
			);
			name = LaunchScreen.storyboard;
			sourceTree = "<group>";
		};
/* End PBXVariantGroup section */

/* Begin XCBuildConfiguration section */
		6F5CB0761C49C4E5008B3916 /* Debug */ = {
			isa = XCBuildConfiguration;
			buildSettings = {
				ALWAYS_SEARCH_USER_PATHS = NO;
				CLANG_CXX_LANGUAGE_STANDARD = "gnu++0x";
				CLANG_CXX_LIBRARY = "libc++";
				CLANG_ENABLE_MODULES = YES;
				CLANG_ENABLE_OBJC_ARC = YES;
				CLANG_WARN_BOOL_CONVERSION = YES;
				CLANG_WARN_CONSTANT_CONVERSION = YES;
				CLANG_WARN_DIRECT_OBJC_ISA_USAGE = YES_ERROR;
				CLANG_WARN_EMPTY_BODY = YES;
				CLANG_WARN_ENUM_CONVERSION = YES;
				CLANG_WARN_INT_CONVERSION = YES;
				CLANG_WARN_OBJC_ROOT_CLASS = YES_ERROR;
				CLANG_WARN_UNREACHABLE_CODE = YES;
				CLANG_WARN__DUPLICATE_METHOD_MATCH = YES;
				"CODE_SIGN_IDENTITY[sdk=iphoneos*]" = "iPhone Developer";
				COPY_PHASE_STRIP = NO;
				DEBUG_INFORMATION_FORMAT = dwarf;
				ENABLE_STRICT_OBJC_MSGSEND = YES;
				ENABLE_TESTABILITY = YES;
				GCC_C_LANGUAGE_STANDARD = gnu99;
				GCC_DYNAMIC_NO_PIC = NO;
				GCC_NO_COMMON_BLOCKS = YES;
				GCC_OPTIMIZATION_LEVEL = 0;
				GCC_PREPROCESSOR_DEFINITIONS = (
					"DEBUG=1",
					"$(inherited)",
				);
				GCC_WARN_64_TO_32_BIT_CONVERSION = YES;
				GCC_WARN_ABOUT_RETURN_TYPE = YES_ERROR;
				GCC_WARN_UNDECLARED_SELECTOR = YES;
				GCC_WARN_UNINITIALIZED_AUTOS = YES_AGGRESSIVE;
				GCC_WARN_UNUSED_FUNCTION = YES;
				GCC_WARN_UNUSED_VARIABLE = YES;
				IPHONEOS_DEPLOYMENT_TARGET = 9.2;
				MTL_ENABLE_DEBUG_INFO = YES;
				ONLY_ACTIVE_ARCH = YES;
				SDKROOT = iphoneos;
				SWIFT_OPTIMIZATION_LEVEL = "-Onone";
				TARGETED_DEVICE_FAMILY = "1,2";
			};
			name = Debug;
		};
		6F5CB0771C49C4E5008B3916 /* Release */ = {
			isa = XCBuildConfiguration;
			buildSettings = {
				ALWAYS_SEARCH_USER_PATHS = NO;
				CLANG_CXX_LANGUAGE_STANDARD = "gnu++0x";
				CLANG_CXX_LIBRARY = "libc++";
				CLANG_ENABLE_MODULES = YES;
				CLANG_ENABLE_OBJC_ARC = YES;
				CLANG_WARN_BOOL_CONVERSION = YES;
				CLANG_WARN_CONSTANT_CONVERSION = YES;
				CLANG_WARN_DIRECT_OBJC_ISA_USAGE = YES_ERROR;
				CLANG_WARN_EMPTY_BODY = YES;
				CLANG_WARN_ENUM_CONVERSION = YES;
				CLANG_WARN_INT_CONVERSION = YES;
				CLANG_WARN_OBJC_ROOT_CLASS = YES_ERROR;
				CLANG_WARN_UNREACHABLE_CODE = YES;
				CLANG_WARN__DUPLICATE_METHOD_MATCH = YES;
				"CODE_SIGN_IDENTITY[sdk=iphoneos*]" = "iPhone Developer";
				COPY_PHASE_STRIP = NO;
				DEBUG_INFORMATION_FORMAT = "dwarf-with-dsym";
				ENABLE_NS_ASSERTIONS = NO;
				ENABLE_STRICT_OBJC_MSGSEND = YES;
				GCC_C_LANGUAGE_STANDARD = gnu99;
				GCC_NO_COMMON_BLOCKS = YES;
				GCC_WARN_64_TO_32_BIT_CONVERSION = YES;
				GCC_WARN_ABOUT_RETURN_TYPE = YES_ERROR;
				GCC_WARN_UNDECLARED_SELECTOR = YES;
				GCC_WARN_UNINITIALIZED_AUTOS = YES_AGGRESSIVE;
				GCC_WARN_UNUSED_FUNCTION = YES;
				GCC_WARN_UNUSED_VARIABLE = YES;
				IPHONEOS_DEPLOYMENT_TARGET = 9.2;
				MTL_ENABLE_DEBUG_INFO = NO;
				SDKROOT = iphoneos;
				TARGETED_DEVICE_FAMILY = "1,2";
				VALIDATE_PRODUCT = YES;
			};
			name = Release;
		};
		6F5CB0791C49C4E5008B3916 /* Debug */ = {
			isa = XCBuildConfiguration;
			buildSettings = {
				ASSETCATALOG_COMPILER_APPICON_NAME = AppIcon;
				INFOPLIST_FILE = Rainbows/Info.plist;
				LD_RUNPATH_SEARCH_PATHS = "$(inherited) @executable_path/Frameworks";
				PRODUCT_BUNDLE_IDENTIFIER = unicorn.Rainbows;
				PRODUCT_NAME = "$(TARGET_NAME)";
			};
			name = Debug;
		};
		6F5CB07A1C49C4E5008B3916 /* Release */ = {
			isa = XCBuildConfiguration;
			buildSettings = {
				ASSETCATALOG_COMPILER_APPICON_NAME = AppIcon;
				INFOPLIST_FILE = Rainbows/Info.plist;
				LD_RUNPATH_SEARCH_PATHS = "$(inherited) @executable_path/Frameworks";
				PRODUCT_BUNDLE_IDENTIFIER = unicorn.Rainbows;
				PRODUCT_NAME = "$(TARGET_NAME)";
			};
			name = Release;
		};
		6F5CB07C1C49C4E5008B3916 /* Debug */ = {
			isa = XCBuildConfiguration;
			buildSettings = {
				BUNDLE_LOADER = "$(TEST_HOST)";
				INFOPLIST_FILE = RainbowsTests/Info.plist;
				LD_RUNPATH_SEARCH_PATHS = "$(inherited) @executable_path/Frameworks @loader_path/Frameworks";
				PRODUCT_BUNDLE_IDENTIFIER = unicorn.RainbowsTests;
				PRODUCT_NAME = "$(TARGET_NAME)";
				TEST_HOST = "$(BUILT_PRODUCTS_DIR)/Rainbows.app/Rainbows";
			};
			name = Debug;
		};
		6F5CB07D1C49C4E5008B3916 /* Release */ = {
			isa = XCBuildConfiguration;
			buildSettings = {
				BUNDLE_LOADER = "$(TEST_HOST)";
				INFOPLIST_FILE = RainbowsTests/Info.plist;
				LD_RUNPATH_SEARCH_PATHS = "$(inherited) @executable_path/Frameworks @loader_path/Frameworks";
				PRODUCT_BUNDLE_IDENTIFIER = unicorn.RainbowsTests;
				PRODUCT_NAME = "$(TARGET_NAME)";
				TEST_HOST = "$(BUILT_PRODUCTS_DIR)/Rainbows.app/Rainbows";
			};
			name = Release;
		};
		6F5CB07F1C49C4E5008B3916 /* Debug */ = {
			isa = XCBuildConfiguration;
			buildSettings = {
				INFOPLIST_FILE = RainbowsUITests/Info.plist;
				LD_RUNPATH_SEARCH_PATHS = "$(inherited) @executable_path/Frameworks @loader_path/Frameworks";
				PRODUCT_BUNDLE_IDENTIFIER = unicorn.RainbowsUITests;
				PRODUCT_NAME = "$(TARGET_NAME)";
				TEST_TARGET_NAME = Rainbows;
				USES_XCTRUNNER = YES;
			};
			name = Debug;
		};
		6F5CB0801C49C4E5008B3916 /* Release */ = {
			isa = XCBuildConfiguration;
			buildSettings = {
				INFOPLIST_FILE = RainbowsUITests/Info.plist;
				LD_RUNPATH_SEARCH_PATHS = "$(inherited) @executable_path/Frameworks @loader_path/Frameworks";
				PRODUCT_BUNDLE_IDENTIFIER = unicorn.RainbowsUITests;
				PRODUCT_NAME = "$(TARGET_NAME)";
				TEST_TARGET_NAME = Rainbows;
				USES_XCTRUNNER = YES;
			};
			name = Release;
		};
/* End XCBuildConfiguration section */

/* Begin XCConfigurationList section */
		6F5CB04B1C49C4E5008B3916 /* Build configuration list for PBXProject "Rainbows" */ = {
			isa = XCConfigurationList;
			buildConfigurations = (
				6F5CB0761C49C4E5008B3916 /* Debug */,
				6F5CB0771C49C4E5008B3916 /* Release */,
			);
			defaultConfigurationIsVisible = 0;
			defaultConfigurationName = Release;
		};
		6F5CB0781C49C4E5008B3916 /* Build configuration list for PBXNativeTarget "Rainbows" */ = {
			isa = XCConfigurationList;
			buildConfigurations = (
				6F5CB0791C49C4E5008B3916 /* Debug */,
				6F5CB07A1C49C4E5008B3916 /* Release */,
			);
			defaultConfigurationIsVisible = 0;
		};
		6F5CB07B1C49C4E5008B3916 /* Build configuration list for PBXNativeTarget "RainbowsTests" */ = {
			isa = XCConfigurationList;
			buildConfigurations = (
				6F5CB07C1C49C4E5008B3916 /* Debug */,
				6F5CB07D1C49C4E5008B3916 /* Release */,
			);
			defaultConfigurationIsVisible = 0;
		};
		6F5CB07E1C49C4E5008B3916 /* Build configuration list for PBXNativeTarget "RainbowsUITests" */ = {
			isa = XCConfigurationList;
			buildConfigurations = (
				6F5CB07F1C49C4E5008B3916 /* Debug */,
				6F5CB0801C49C4E5008B3916 /* Release */,
			);
			defaultConfigurationIsVisible = 0;
		};
/* End XCConfigurationList section */
	};
	rootObject = 6F5CB0481C49C4E5008B3916 /* Project object */;
}
